
Microsoft Visual Studio Solution File, Format Version 12.00
# Visual Studio Version 16
VisualStudioVersion = 16.0.30611.23
MinimumVisualStudioVersion = 10.0.40219.1
Project("{FAE04EC0-301F-11D3-BF4B-00C04F79EFBC}") = "lightyear-server-windows", "lightyear-server-windows.csproj", "{23252524-39C6-4D7A-96AE-AD7A2467EFE4}"
EndProject
Global
	GlobalSection(SolutionConfigurationPlatforms) = preSolution
		Debug|Any CPU = Debug|Any CPU
		Release|Any CPU = Release|Any CPU
	EndGlobalSection
	GlobalSection(ProjectConfigurationPlatforms) = postSolution
		{23252524-39C6-4D7A-96AE-AD7A2467EFE4}.Debug|Any CPU.ActiveCfg = Debug|Any CPU
		{23252524-39C6-4D7A-96AE-AD7A2467EFE4}.Debug|Any CPU.Build.0 = Debug|Any CPU
		{23252524-39C6-4D7A-96AE-AD7A2467EFE4}.Release|Any CPU.ActiveCfg = Release|Any CPU
		{23252524-39C6-4D7A-96AE-AD7A2467EFE4}.Release|Any CPU.Build.0 = Release|Any CPU
	EndGlobalSection
	GlobalSection(SolutionProperties) = preSolution
		HideSolutionNode = FALSE
	EndGlobalSection
	GlobalSection(ExtensibilityGlobals) = postSolution
		SolutionGuid = {A3A4132D-78BA-41D6-9278-C6F6B42BD66C}
	EndGlobalSection
EndGlobal
